github.com/charmbracelet/bubbles v0.18.0/go.mod h1:2QKSt1pwhN5a1Aa2yKGoKV3G2b3AKcIAB6MlZb2j3U=
github.com/charmbracelet/bubbletea v0.27.0 h1:3uEBa5eXBGfH2sEgz9kPcEcsH+9Zk4+5I+0uQ+1Kj8=
github.com/charmbracelet/bubbletea v0.27.0/go.mod h1:J9k+8HdX4TRFHSjETe3Mp6i6XNSW1b7L3rSU+s2QU4Y=
github.com/charmbracelet/glamour v0.7.0 h1:3GOhKq27fwk2oZ+qVowmXfr2O5Rk4AZsP9MRl2kn+8=
github.com/charmbracelet/glamour v0.7.0/go.mod h1:u6VlVfWDj+8C6g8E9xT8C3z8LpqJkhcN8C8YJ+1j3mA=
github.com/charmbracelet/lipgloss v0.13.0 h1:eeqB3JEG/MEJYJ9RCJO8vqrUwC6cpbK1I5b7wkrV9I=
github.com/charmbracelet/lipgloss v0.13.0/go.mod h1AIAtHMtLM8pNSBbfMMnTBNFhlp4Cbx14Clq2SqCFw=
github.com/charmbracelet/x/ansicolor v0.0.0-20230122161423-497bb4bad6ba h1:zS2s3qNG/N8qI7e1UJjv0X9DTdDOeR4P+8RkaJ7YPQ=
github.com/charmbracelet/x/ansicolor v0.0.0-20230122161423-497bb4bad6ba/go.mod h1:SwcVKwYH3M4v6xNMkTBF4cViT31dQCvpYQo0aSWSR0=
github.com/davecgh/go-spew v1.1.0/go.mod h1:J7Y8YcW2NihsgmVo/mv3lAwl/skON4iLHjSsI+c5H38=
github.com/davecgh/go-spew v1.1.1 h1:vj9j/u1bqnvCEfJOwUGvLzWsHPZnmvWwbNJXcN0SPaA=
github.com/davecgh/go-spew v1.1.1/go.mod h1:J7Y8YcW2NihsgmVo/mv3lAwl/skON4iLHjSsI+c5H38=
github.com/dlclark/regexp2 v1.11.4 h1:UBXyUJjx0i0sdDqqNIiIt6Pvo/U+JjM9GL3NOZKht6s=
github.com/dlclark/regexp2 v1.11.4/go.mod h1:haD/LO60ykT5S3wLNOxPQ5JuJdm7K32/9ckP-6aafX0=
github.com/go-sql-driver/mysql v1.8.1 h1:L//T3PzyOfKtg0yWi6kbKqPJOJcsjhK2PncJ2J3PuR4=
github.com/go-sql-driver/mysql v1.8.1/go.mod h1:lUIinVbN1DY23xGqLhWMlOA2Fl2Ck/0GAlL7J3Z4k0Y=
github.com/golang-jwt/jwt/v5 v5.2.1 h1:d/ix8ftRUorsN+5eMIlF4T6J8CAt9plqI2JE9IOz4S0=
github.com/golang-jwt/jwt/v5 v5.2.1/go.mod h1:pqrtFR0X4osieyHYxtmOUWsAWrfe1Q5UVIyoH402zdk=
github.com/google/uuid v1.6.0 h1:NIvaJDMOsjHA8n1jAhLSgzrAzy1Hgr+hNrb57e+94F0=
github.com/google/uuid v1.6.0/go.mod h1:TIyPZe4MgqvfeYDBFedMoGGpEw/LqOeaOT+nhxU+yHo=
github.com/inconshreveable/mousetrap v1.1.0 h1:wN+x4NVGpMsO7ErUn/mUI3vEoE6Jt13X2s0bqwpcctc=
github.com/inconshreveable/mousetrap v1.1.0/go.mod h1:vpF70FUmC8bwa3OWnCshd2FqLfsEA9PFc4w1p2J65bw=
github.com/lithammer/dedent v1.1.0 h1:5z2SdwDV1F1SpdVIRbu5Jow6SinsAH9mRLlSYfB1Vfk=
github.com/lithammer/dedent v1.1.0/go.mod h1:nt7kDj4t6T7bZKTEVFRB5M7iH46CqTLQXpNuP6UdX6Y=
github.com/mattn/go-isatty v0.0.20 h1:xfD0iDuEKnDkl03q4limB+vH+GxLEtL/jb4xVJSWWEY=
github.com/mattn/go-isatty v0.0.20/go.mod h1:W+V8PltTTMOvKvAeJH7IuucS94S2C6jfK/D7dTCTo3Y=
github.com/muesli/ansi v0.4.0 h1:AG7X4f3ULG9bgwUWqNq4ZQS8qnzQ4R3rM/FbX2U01I=
github.com/muesli/ansi v0.4.0/go.mod h1:jN4ENtxz/6IK5vh1NzBP6/pjX3xv0n0YpzHSiCS3k80=
github.com/muesli/reflow v0.3.0 h1:IM4rxSkS6o+E4W1EQE5rk8nm3T4bAtHEMvCMpH4jRRk=
github.com/muesli/reflow v0.3.0/go.mod h1:2j4q4a7X98Y/YUs2v3kU83K5KfwJ4t+GlZ4S3pqpCDk=
github.com/muesli/termenv v0.15.2 h1:ZiglthhazaI2OcE6L7a1yXHqIWTfhnZ0ik3oM5Y+v6Q=
github.com/muesli/termenv v0.15.2/go.mod h1:fgouBsm4r6J7h7oK8Mrie/E+93wdGMvTGvG6F1TQu9c=
github.com/olekukonko/tablewriter v0.0.5 h1:P6GlWN+5SHLueB3/AvbPQHwZ8xI1xc2C6t9LLCkEHhI=
github.com/olekukonko/tablewriter v0.0.5/go.mod h1:hW6tWgtKRR8nQM77xHTqZSp3eI8Vv8t0UP6Jb7H4kGU=
github.com/pmezard/go-difflib v1.0.0/go.mod h1:iKH77koFhYxTK1pcRnkKkqfTogsbg7gZNVY4sRDYZ/4=
github.com/pmezard/go-difflib v1.0.1-0.20181225605408-6b4f83cef50a h1:JmI2s0LubzPk4I/6pFEhRwDRooz7fFWm4LCT0xEqfU=
github.com/pmezard/go-difflib v1.0.1-0.20181225605408-6b4f83cef50a/go.mod h1:iKH77koFhYxTK1pcRnkKkqfTogsbg7gZNVY4sRDYZ/4=
github.com/rivo/uniseg h1:XJ7nH8VnptxSvhmXN2y1lR3M9JJRU0W6L7zSOUOv7uU=
github.com/rivo/uniseg h1:XJ7nH8VnptxSvhmXN2y1lR3M9JJRU0W6L7zSOUOv7uU=/go.mod h1:J6wj4VEh+S6ZtnVlnTBMWIodfgj8LQOQFoIToxlJtxc=
github.com/sirupsen/logrus v1.9.3 h1:dueUQJ1C2q9oE3F7wvmSGAaVtTmUizReu6fjN8uqzbQ=
github.com/sirupsen/logrus v1.9.3/go.mod h1:naHLuLoDiP4jHNo9R0sCBMtWGeIprob74mVsHK4a/Pgg=
github.com/shopspring/decimal v1.4.0 h1:2Usl1nmF/WZucqkFZhnfFYxxxu8LG21F6nPQBE5gKV8=
github.com/shopspring/decimal v1.4.0/go.mod h1:DKyhrW/HYNuLGql+M1nGoC4/8x6r6r1+3SE+md2FJsU=
github.com/spf13/cobra v1.8.1 h1:7aCMyGd5LwitP1ocqX3U3kDpqKfJP0QQn/4F4tVhYSM=
github.com/spf13/cobra v1.8.1/go.mod h1:wK7sE+s+l9sbO1fZI1dXyXMny+5tt6vGGql7bK4Ofqs=
github.com/spf13/pflag v1.0.5 h1:iy+VFUOCP1a+8yFto/drg2CJ5u0yRoB7fZw3DKv/JXA=
github.com/spf13/pflag v1.0.5/go.mod h1:McXfInJRrz4CZXVZOBLb0bTZqETkiAhM9Iw0y3An2Bg=
github.com/stretchr/objx v0.1.0/go.mod h1:HFkY916IF+rwdDfMAkV7OtwuqBVzrE8GR6GFx+wExME=
github.com/stretchr/objx v0.4.0/go.mod h1:YvHI0jy2hoMjB+UWwv71VJQ9isScKT/TqJzVSSt89Yw=
github.com/stretchr/objx v0.5.0/go.mod h1:Yh+to48EsGEfYuaHDzXPcE3xhTkx73EhmCGUpEOglKo=
github.com/stretchr/testify v1.7.1/go.mod h1:6Fq8oRcR53rry900zMqJjRRixrwX3KX962/h/Wwjteg=
github.com/stretchr/testify v1.8.0/go.mod h1:yNjHg4UonilssWZ8iaSj1OCr/vHnekPRkoO+kdMU+MU=
github.com/stretchr/testify v1.8.4 h1:CcVxjf3Q8PM0mHUKJCdn+eZZtm5yQzsRs2+AEW5kD8M=
github.com/stretchr/testify v1.8.4/go.mod h1:sz/lmYIOXD/1dqDmKjjqLyZ2RngseejIcXlSw2iwfAo=
github.com/yuin/goldmark v1.4.13 h1:fUE5Da33HlOh9k1UBKqJMr9F1GT6Oc0g4WJVJ3uvR0=
github.com/yuin/goldmark v1.4.13/go.mod h1:mwnBkeH5mRxFO/U9vtwZUgQ4TRsDnm1NNTl4K4wkL8=
go.uber.org/atomic v1.7.0 h1:ADJUy3xGoY8k3L1yE7q3/6P8DHz7DnJJKvG4qGSiRo=
go.uber.org/atomic v1.7.0/go.mod h1:fEN4uk6kAWBTFdckzkM89CLk9XfWZrxpCo0fPHIwnG4=
go.uber.org/multierr v1.6.0 h1:y6EZF0jV9qY3LD05jn+ZhGqYLtV4a6K5MWpUIm4Sjk=
go.uber.org/multierr v1.6.0/go.mod h1:cd3pVGrN0tyZ4I6q+YFlx9SqI7zMccBZjJ9JfBfUGQ8=
go.uber.org/zap v1.24.0 h1:ofiLrv4MXAp4qU27gMH7e1MEwgPpoNOC4aBpN1Obq/w=
go.uber.org/zap v1.24.0/go.mod h1:2kMPfBGJU7D4yLUp+2c26PZ4YFF78W1Jxa7LKk3F5Ps=
golang.org/x/crypto v0.31.0 h1:ob0jfK5yK115jPyM7K4xHNWH0dKR0I2JkA+eVBCP8PM=
golang.org/x/crypto v0.31.0/go.mod h1:1XsDE4NxLkNX0W6URc9LqYtjLJQOsYRtbkOr9JDo3k4=
golang.org/x/mod v0.6.0-dev.0.20220419223038-86c51ed2e4c7 h1:6eKxTCK1SGL2pABPzj4v6IhGgS2Yw2b8C2iOkBkR1Hs=
golang.org/x/mod v0.6.0-dev.0.20220419223038-86c51ed2e4c7/go.mod h1:6y1z3jj6J7kpfLAhyLGCgRXUX+S4z3t4a1aOr9pD+8E=
golang.org/x/net v0.33.0 h1:tddQM1/z6OPa9y8wCPOI8n4HfS4P4UH4w5kJ0c+9+U=
golang.org/x/net v0.33.0/go.mod h1:H5MP/qrBP4eyz0qju2U9L+qavJSa6qS4S8vzA3dO3V8=
golang.org/x/sync v0.10.0 h1:3NFvSAYlBn3XDjbsfB/9Lzl7g8cTJ5U/LGzLvOn9HE=
golang.org/x/sync v0.10.0/go.mod h1:RxMgew5VJxzue5/jJTE5uejpjVlOe/izrB70Jof72aM=
golang.org/x/sys v0.28.0 h1:Zm5tn8M6jT8T3sX6EryovYNfTYKQ3LyqD3kN6U/7L8=
golang.org/x/sys v0.28.0/go.mod h1:/VUhepiaJMQUp4+27Iq7EtrkWEKxY6OtI8ek9gkNV5A=
golang.org/x/term v0.27.0 h1:WMqAKhT5X5/R8qHmHKFHMwPBBnm4O4Mdmiid5+5R4ZM=
golang.org/x/term v0.27.0/go.mod h1:PrkEp4FxXK44C9oN9bfP8Y4i1ylFqPuN4+vDvFmxpNDE=
golang.org/x/text v0.21.0 h1:4tU3vvXDZRaL1NNFnOo2fByJ8bXcM48L/2nN5S0Q7k=
golang.org/x/text v0.21.0/go.mod h1:4tUvvxEdoMG6ANcXRrCACi9YH1tcMKl/+4N0i8UETQTI=
golang.org/x/tools v0.1.12/go.mod h1:hRM6pRzKRKz7D6sGV1KnvZ+1RqNsOq1o8U4FmTDD1Zw=
golang.org/x/tools v0.5.0 h1:0S1m0j8BTPNsz8N9oCtx4w4xfbvGmzwBkVRyFJlQ8oo=
golang.org/x/tools v0.5.0/go.mod h1:jyDGRk247U0UdCuXhdn2GJg2sHU1rnuCFUtjcDtT1+UI=
golang.org/x/xerrors v0.0.0-20220907171357-04be3eba64a2 h1:HcuDM0xNY8Nk1wzWzE65nvRoNmW0NCZ4L4vCFTL4Z88=
golang.org/x/xerrors v0.0.0-20220907171357-04be3eba64a2/go.mod h1:K8+ghGWJ44WvruOpVVfK3Rt7G7DOwfGpwuh9UUHnH9Q=
gopkg.in/check.v1 v0.0.0-20161208181325-20d25e280405 h1:yhSgy8VNSO5cmqsP2S0mIvfrbKl05q2GzjRyeTRh8X4=
gopkg.in/check.v1 v0.0.0-20161208181325-20d25e280405/go.mod h1:Co6ibVJAznAaIkqp8huTwlJQCZ016jof/cbN4VW5Yz0=
gopkg.in/yaml.v2 v2.2.8 h1:渡UNW6l8O9DVRX/8O/obpW1TsheBNzOC2LO2NyPBYYk=
gopkg.in/yaml.v2 v2.2.8/go.mod h1:hI93XBmqTisBFMUTm0b8Fm+jr3Dg1NNxqwp+5A1VGuI=
gopkg.in/yaml.v3 v3.0.0-20200313102051-9f266ea9e77c/go.mod h1:K4uyk7z7BCEPqu6E+C64Yfv1cQ7kz7rIZviUmN+EgEM=
gopkg.in/yaml.v3 v3.0.1 h1:fxVm/GzAzEWqLHuvctI91KS9hhNmmWOoWu0XTYJS7CA=
gopkg.in/yaml.v3 v3.0.1/go.mod h1:K4uyk7z7BCEPqu6E+C64Yfv1cQ7kz7rIZviUmN+EgEM=
rsc.io/pdf v0.1.1 h1:kSuQBG1K6p9cr4d5yGkPYL5jK8Qnk4/nNGr/GbCNIYI=
rsc.io/pdf v0.1.1/go.mod h1:n8OzWcQ6Sp37PL01nO98y4iUCRsTWBuy5cK6litE4Qc=
